
Microsoft Visual Studio Solution File, Format Version 12.00
# Visual Studio Version 17
VisualStudioVersion = 17.7.34031.279
MinimumVisualStudioVersion = 10.0.40219.1
Project("{9A19103F-16F7-4668-BE54-9A1E7A4F7556}") = "LigaDeFotbal.API", "LigaDeFotbal.API\LigaDeFotbal.API.csproj", "{F39D5753-B7A8-4E26-BA5A-32DB4FEBD5C8}"
EndProject
Project("{FAE04EC0-301F-11D3-BF4B-00C04F79EFBC}") = "LigaDeFotbal.BBL", "LigaDeFotbal.BBL\LigaDeFotbal.BBL.csproj", "{BB0D2A94-7D7D-4904-B0FF-881AA0F096F2}"
EndProject
Project("{FAE04EC0-301F-11D3-BF4B-00C04F79EFBC}") = "LigaDeFotbal.DAL", "LigaDeFotbal.DAL\LigaDeFotbal.DAL.csproj", "{6342C4DB-F9FA-408B-9826-F1537F7614BE}"
EndProject
Global
	GlobalSection(SolutionConfigurationPlatforms) = preSolution
		Debug|Any CPU = Debug|Any CPU
		Release|Any CPU = Release|Any CPU
	EndGlobalSection
	GlobalSection(ProjectConfigurationPlatforms) = postSolution
		{F39D5753-B7A8-4E26-BA5A-32DB4FEBD5C8}.Debug|Any CPU.ActiveCfg = Debug|Any CPU
		{F39D5753-B7A8-4E26-BA5A-32DB4FEBD5C8}.Debug|Any CPU.Build.0 = Debug|Any CPU
		{F39D5753-B7A8-4E26-BA5A-32DB4FEBD5C8}.Release|Any CPU.ActiveCfg = Release|Any CPU
		{F39D5753-B7A8-4E26-BA5A-32DB4FEBD5C8}.Release|Any CPU.Build.0 = Release|Any CPU
		{BB0D2A94-7D7D-4904-B0FF-881AA0F096F2}.Debug|Any CPU.ActiveCfg = Debug|Any CPU
		{BB0D2A94-7D7D-4904-B0FF-881AA0F096F2}.Debug|Any CPU.Build.0 = Debug|Any CPU
		{BB0D2A94-7D7D-4904-B0FF-881AA0F096F2}.Release|Any CPU.ActiveCfg = Release|Any CPU
		{BB0D2A94-7D7D-4904-B0FF-881AA0F096F2}.Release|Any CPU.Build.0 = Release|Any CPU
		{6342C4DB-F9FA-408B-9826-F1537F7614BE}.Debug|Any CPU.ActiveCfg = Debug|Any CPU
		{6342C4DB-F9FA-408B-9826-F1537F7614BE}.Debug|Any CPU.Build.0 = Debug|Any CPU
		{6342C4DB-F9FA-408B-9826-F1537F7614BE}.Release|Any CPU.ActiveCfg = Release|Any CPU
		{6342C4DB-F9FA-408B-9826-F1537F7614BE}.Release|Any CPU.Build.0 = Release|Any CPU
	EndGlobalSection
	GlobalSection(SolutionProperties) = preSolution
		HideSolutionNode = FALSE
	EndGlobalSection
	GlobalSection(ExtensibilityGlobals) = postSolution
		SolutionGuid = {60C9CEA3-4305-4F0E-B235-E9C72FCCC3C1}
	EndGlobalSection
EndGlobal
